
Microsoft Visual Studio Solution File, Format Version 12.00
# Visual Studio Version 16
VisualStudioVersion = 16.0.29324.140
MinimumVisualStudioVersion = 10.0.40219.1
Project("{FAE04EC0-301F-11D3-BF4B-00C04F79EFBC}") = "proyecto traductor de lenguaje 2", "proyecto traductor de lenguaje 2\proyecto traductor de lenguaje 2.csproj", "{C27D9972-4214-4D2D-98F9-D21C562796C6}"
EndProject
Global
	GlobalSection(SolutionConfigurationPlatforms) = preSolution
		Debug|Any CPU = Debug|Any CPU
		Release|Any CPU = Release|Any CPU
	EndGlobalSection
	GlobalSection(ProjectConfigurationPlatforms) = postSolution
		{C27D9972-4214-4D2D-98F9-D21C562796C6}.Debug|Any CPU.ActiveCfg = Debug|Any CPU
		{C27D9972-4214-4D2D-98F9-D21C562796C6}.Debug|Any CPU.Build.0 = Debug|Any CPU
		{C27D9972-4214-4D2D-98F9-D21C562796C6}.Release|Any CPU.ActiveCfg = Release|Any CPU
		{C27D9972-4214-4D2D-98F9-D21C562796C6}.Release|Any CPU.Build.0 = Release|Any CPU
	EndGlobalSection
	GlobalSection(SolutionProperties) = preSolution
		HideSolutionNode = FALSE
	EndGlobalSection
	GlobalSection(ExtensibilityGlobals) = postSolution
		SolutionGuid = {67DC685A-4C4D-46BC-8ABD-88D161801AF3}
	EndGlobalSection
EndGlobal
